
Microsoft Visual Studio Solution File, Format Version 10.00
# Visual Studio 2008
Project("{FAE04EC0-301F-11D3-BF4B-00C04F79EFBC}") = "Meteo02", "Meteo02\Meteo02.csproj", "{AA254183-53B3-4F74-AE61-C4176D2D8A56}"
EndProject
Project("{FAE04EC0-301F-11D3-BF4B-00C04F79EFBC}") = "MeteoChase500DriverTestAplication", "MeteoChase500DriverTestAplication\MeteoChase500DriverTestAplication.csproj", "{9F7CD329-CA86-44CC-ACC7-BD0F81C103A4}"
EndProject
Project("{FAE04EC0-301F-11D3-BF4B-00C04F79EFBC}") = "PromptWeather", "PromptWeather\PromptWeather.csproj", "{5556E4D8-067D-4BD2-901B-C845DDCD0008}"
EndProject
Project("{FAE04EC0-301F-11D3-BF4B-00C04F79EFBC}") = "PromptWeatherTest", "PromptWeatherTest\PromptWeatherTest.csproj", "{8E9738C1-C362-4EA1-A829-6E28123579FA}"
EndProject
Global
	GlobalSection(SolutionConfigurationPlatforms) = preSolution
		Debug|Any CPU = Debug|Any CPU
		Debug|x86 = Debug|x86
		Release|Any CPU = Release|Any CPU
		Release|x86 = Release|x86
	EndGlobalSection
	GlobalSection(ProjectConfigurationPlatforms) = postSolution
		{AA254183-53B3-4F74-AE61-C4176D2D8A56}.Debug|Any CPU.ActiveCfg = Debug|Any CPU
		{AA254183-53B3-4F74-AE61-C4176D2D8A56}.Debug|Any CPU.Build.0 = Debug|Any CPU
		{AA254183-53B3-4F74-AE61-C4176D2D8A56}.Debug|x86.ActiveCfg = Debug|x86
		{AA254183-53B3-4F74-AE61-C4176D2D8A56}.Debug|x86.Build.0 = Debug|x86
		{AA254183-53B3-4F74-AE61-C4176D2D8A56}.Release|Any CPU.ActiveCfg = Release|Any CPU
		{AA254183-53B3-4F74-AE61-C4176D2D8A56}.Release|Any CPU.Build.0 = Release|Any CPU
		{AA254183-53B3-4F74-AE61-C4176D2D8A56}.Release|x86.ActiveCfg = Release|x86
		{AA254183-53B3-4F74-AE61-C4176D2D8A56}.Release|x86.Build.0 = Release|x86
		{9F7CD329-CA86-44CC-ACC7-BD0F81C103A4}.Debug|Any CPU.ActiveCfg = Debug|Any CPU
		{9F7CD329-CA86-44CC-ACC7-BD0F81C103A4}.Debug|Any CPU.Build.0 = Debug|Any CPU
		{9F7CD329-CA86-44CC-ACC7-BD0F81C103A4}.Debug|x86.ActiveCfg = Debug|Any CPU
		{9F7CD329-CA86-44CC-ACC7-BD0F81C103A4}.Release|Any CPU.ActiveCfg = Release|Any CPU
		{9F7CD329-CA86-44CC-ACC7-BD0F81C103A4}.Release|Any CPU.Build.0 = Release|Any CPU
		{9F7CD329-CA86-44CC-ACC7-BD0F81C103A4}.Release|x86.ActiveCfg = Release|Any CPU
		{5556E4D8-067D-4BD2-901B-C845DDCD0008}.Debug|Any CPU.ActiveCfg = Debug|Any CPU
		{5556E4D8-067D-4BD2-901B-C845DDCD0008}.Debug|Any CPU.Build.0 = Debug|Any CPU
		{5556E4D8-067D-4BD2-901B-C845DDCD0008}.Debug|x86.ActiveCfg = Debug|x86
		{5556E4D8-067D-4BD2-901B-C845DDCD0008}.Debug|x86.Build.0 = Debug|x86
		{5556E4D8-067D-4BD2-901B-C845DDCD0008}.Release|Any CPU.ActiveCfg = Release|Any CPU
		{5556E4D8-067D-4BD2-901B-C845DDCD0008}.Release|Any CPU.Build.0 = Release|Any CPU
		{5556E4D8-067D-4BD2-901B-C845DDCD0008}.Release|x86.ActiveCfg = Release|x86
		{5556E4D8-067D-4BD2-901B-C845DDCD0008}.Release|x86.Build.0 = Release|x86
		{8E9738C1-C362-4EA1-A829-6E28123579FA}.Debug|Any CPU.ActiveCfg = Debug|Any CPU
		{8E9738C1-C362-4EA1-A829-6E28123579FA}.Debug|Any CPU.Build.0 = Debug|Any CPU
		{8E9738C1-C362-4EA1-A829-6E28123579FA}.Debug|x86.ActiveCfg = Debug|Any CPU
		{8E9738C1-C362-4EA1-A829-6E28123579FA}.Release|Any CPU.ActiveCfg = Release|Any CPU
		{8E9738C1-C362-4EA1-A829-6E28123579FA}.Release|Any CPU.Build.0 = Release|Any CPU
		{8E9738C1-C362-4EA1-A829-6E28123579FA}.Release|x86.ActiveCfg = Release|Any CPU
	EndGlobalSection
	GlobalSection(SolutionProperties) = preSolution
		HideSolutionNode = FALSE
	EndGlobalSection
EndGlobal
