Microsoft Visual Studio Solution File, Format Version 9.00
# Visual Studio 2005
Project("{FAE04EC0-301F-11D3-BF4B-00C04F79EFBC}") = "ModbusTester", "ModbusTester.csproj", "{3538217B-6E35-4E2F-8B4D-8A8FBDEA1BB6}"
EndProject
Project("{FAE04EC0-301F-11D3-BF4B-00C04F79EFBC}") = "ModbusTCP", "..\ModbusClassTCP\ModbusTCP.csproj", "{F2485353-AF87-48FA-8E92-8A6B7779443F}"
EndProject
Project("{2150E333-8FDC-42A3-9474-1A3956D46DE8}") = "Solution Items", "Solution Items", "{8FF65AB9-F8EF-41AC-B500-F75B9B6EC405}"
EndProject
Global
	GlobalSection(SolutionConfigurationPlatforms) = preSolution
		Debug|Any CPU = Debug|Any CPU
		Release|Any CPU = Release|Any CPU
	EndGlobalSection
	GlobalSection(ProjectConfigurationPlatforms) = postSolution
		{3538217B-6E35-4E2F-8B4D-8A8FBDEA1BB6}.Debug|Any CPU.ActiveCfg = Debug|Any CPU
		{3538217B-6E35-4E2F-8B4D-8A8FBDEA1BB6}.Debug|Any CPU.Build.0 = Debug|Any CPU
		{3538217B-6E35-4E2F-8B4D-8A8FBDEA1BB6}.Release|Any CPU.ActiveCfg = Release|Any CPU
		{3538217B-6E35-4E2F-8B4D-8A8FBDEA1BB6}.Release|Any CPU.Build.0 = Release|Any CPU
		{F2485353-AF87-48FA-8E92-8A6B7779443F}.Debug|Any CPU.ActiveCfg = Debug|Any CPU
		{F2485353-AF87-48FA-8E92-8A6B7779443F}.Debug|Any CPU.Build.0 = Debug|Any CPU
		{F2485353-AF87-48FA-8E92-8A6B7779443F}.Release|Any CPU.ActiveCfg = Release|Any CPU
		{F2485353-AF87-48FA-8E92-8A6B7779443F}.Release|Any CPU.Build.0 = Release|Any CPU
	EndGlobalSection
	GlobalSection(SolutionProperties) = preSolution
		HideSolutionNode = FALSE
	EndGlobalSection
EndGlobal
