
Microsoft Visual Studio Solution File, Format Version 10.00
# Visual Studio 2008
Project("{FAE04EC0-301F-11D3-BF4B-00C04F79EFBC}") = "Chase500DB", "Chase500DB\Chase500DB.csproj", "{190C7EF3-54D8-4E4E-8944-55C84FA0BBCC}"
	ProjectSection(ProjectDependencies) = postProject
		{4743B837-D7A1-46AD-8388-2F0912C9D28F} = {4743B837-D7A1-46AD-8388-2F0912C9D28F}
	EndProjectSection
EndProject
Project("{FAE04EC0-301F-11D3-BF4B-00C04F79EFBC}") = "SchedulerPost", "..\Gloria\GloriaRequest\RtmlPost\SchedulerPost.csproj", "{4743B837-D7A1-46AD-8388-2F0912C9D28F}"
EndProject
Global
	GlobalSection(SolutionConfigurationPlatforms) = preSolution
		Debug|Any CPU = Debug|Any CPU
		Release|Any CPU = Release|Any CPU
	EndGlobalSection
	GlobalSection(ProjectConfigurationPlatforms) = postSolution
		{190C7EF3-54D8-4E4E-8944-55C84FA0BBCC}.Debug|Any CPU.ActiveCfg = Debug|Any CPU
		{190C7EF3-54D8-4E4E-8944-55C84FA0BBCC}.Debug|Any CPU.Build.0 = Debug|Any CPU
		{190C7EF3-54D8-4E4E-8944-55C84FA0BBCC}.Release|Any CPU.ActiveCfg = Release|Any CPU
		{190C7EF3-54D8-4E4E-8944-55C84FA0BBCC}.Release|Any CPU.Build.0 = Release|Any CPU
		{4743B837-D7A1-46AD-8388-2F0912C9D28F}.Debug|Any CPU.ActiveCfg = Debug|Any CPU
		{4743B837-D7A1-46AD-8388-2F0912C9D28F}.Debug|Any CPU.Build.0 = Debug|Any CPU
		{4743B837-D7A1-46AD-8388-2F0912C9D28F}.Release|Any CPU.ActiveCfg = Release|Any CPU
		{4743B837-D7A1-46AD-8388-2F0912C9D28F}.Release|Any CPU.Build.0 = Release|Any CPU
	EndGlobalSection
	GlobalSection(SolutionProperties) = preSolution
		HideSolutionNode = FALSE
	EndGlobalSection
EndGlobal
