
Microsoft Visual Studio Solution File, Format Version 10.00
# Visual Studio 2008
Project("{FAE04EC0-301F-11D3-BF4B-00C04F79EFBC}") = "Chase500", "Chase500\Chase500.csproj", "{4C4B8279-8AFE-441F-A244-388EFDE48B0C}"
EndProject
Project("{FAE04EC0-301F-11D3-BF4B-00C04F79EFBC}") = "ModbusTester", "ModbusSampleCommon\ModbusTester.csproj", "{3538217B-6E35-4E2F-8B4D-8A8FBDEA1BB6}"
EndProject
Project("{FAE04EC0-301F-11D3-BF4B-00C04F79EFBC}") = "Cupula", "Cupula\Cupula.csproj", "{E19E0785-619E-47F5-A0B0-F6A22EB2ECD7}"
EndProject
Global
	GlobalSection(SolutionConfigurationPlatforms) = preSolution
		Debug|Any CPU = Debug|Any CPU
		Release|Any CPU = Release|Any CPU
	EndGlobalSection
	GlobalSection(ProjectConfigurationPlatforms) = postSolution
		{4C4B8279-8AFE-441F-A244-388EFDE48B0C}.Debug|Any CPU.ActiveCfg = Debug|Any CPU
		{4C4B8279-8AFE-441F-A244-388EFDE48B0C}.Debug|Any CPU.Build.0 = Debug|Any CPU
		{4C4B8279-8AFE-441F-A244-388EFDE48B0C}.Release|Any CPU.ActiveCfg = Release|Any CPU
		{4C4B8279-8AFE-441F-A244-388EFDE48B0C}.Release|Any CPU.Build.0 = Release|Any CPU
		{3538217B-6E35-4E2F-8B4D-8A8FBDEA1BB6}.Debug|Any CPU.ActiveCfg = Debug|Any CPU
		{3538217B-6E35-4E2F-8B4D-8A8FBDEA1BB6}.Debug|Any CPU.Build.0 = Debug|Any CPU
		{3538217B-6E35-4E2F-8B4D-8A8FBDEA1BB6}.Release|Any CPU.ActiveCfg = Release|Any CPU
		{3538217B-6E35-4E2F-8B4D-8A8FBDEA1BB6}.Release|Any CPU.Build.0 = Release|Any CPU
		{E19E0785-619E-47F5-A0B0-F6A22EB2ECD7}.Debug|Any CPU.ActiveCfg = Debug|Any CPU
		{E19E0785-619E-47F5-A0B0-F6A22EB2ECD7}.Debug|Any CPU.Build.0 = Debug|Any CPU
		{E19E0785-619E-47F5-A0B0-F6A22EB2ECD7}.Release|Any CPU.ActiveCfg = Release|Any CPU
		{E19E0785-619E-47F5-A0B0-F6A22EB2ECD7}.Release|Any CPU.Build.0 = Release|Any CPU
	EndGlobalSection
	GlobalSection(SolutionProperties) = preSolution
		HideSolutionNode = FALSE
	EndGlobalSection
EndGlobal
