
Microsoft Visual Studio Solution File, Format Version 10.00
# Visual Studio 2008
Project("{FAE04EC0-301F-11D3-BF4B-00C04F79EFBC}") = "FitsMonitor", "FitsMonitor\FitsMonitor.csproj", "{82DE7BAD-676A-47C6-A784-F5695451FCEC}"
EndProject
Project("{FAE04EC0-301F-11D3-BF4B-00C04F79EFBC}") = "FileTransfer", "FileTransfer\FileTransfer.csproj", "{560E158A-435B-4699-92DF-4AFBE07FB844}"
EndProject
Project("{54435603-DBB4-11D2-8724-00A0C9A8B90C}") = "SetupFitsMonitor", "SetupFitsMonitor\SetupFitsMonitor.vdproj", "{81936845-863F-4C55-A542-35A57324758A}"
EndProject
Project("{FAE04EC0-301F-11D3-BF4B-00C04F79EFBC}") = "CSharpFITS_v1.1", "..\..\..\Setup\CSharpFits\CSharpFITS_v1.1_source\CSharpFITS_v1.1_source\CSharpFITS_v1.1\CSharpFITS_v1.1.csproj", "{93C93A99-D18F-495E-8AC9-6B6F6F7F273E}"
EndProject
Global
	GlobalSection(SolutionConfigurationPlatforms) = preSolution
		Debug|Any CPU = Debug|Any CPU
		Release|Any CPU = Release|Any CPU
	EndGlobalSection
	GlobalSection(ProjectConfigurationPlatforms) = postSolution
		{82DE7BAD-676A-47C6-A784-F5695451FCEC}.Debug|Any CPU.ActiveCfg = Debug|Any CPU
		{82DE7BAD-676A-47C6-A784-F5695451FCEC}.Debug|Any CPU.Build.0 = Debug|Any CPU
		{82DE7BAD-676A-47C6-A784-F5695451FCEC}.Release|Any CPU.ActiveCfg = Release|Any CPU
		{82DE7BAD-676A-47C6-A784-F5695451FCEC}.Release|Any CPU.Build.0 = Release|Any CPU
		{560E158A-435B-4699-92DF-4AFBE07FB844}.Debug|Any CPU.ActiveCfg = Debug|Any CPU
		{560E158A-435B-4699-92DF-4AFBE07FB844}.Debug|Any CPU.Build.0 = Debug|Any CPU
		{560E158A-435B-4699-92DF-4AFBE07FB844}.Release|Any CPU.ActiveCfg = Release|Any CPU
		{560E158A-435B-4699-92DF-4AFBE07FB844}.Release|Any CPU.Build.0 = Release|Any CPU
		{81936845-863F-4C55-A542-35A57324758A}.Debug|Any CPU.ActiveCfg = Debug
		{81936845-863F-4C55-A542-35A57324758A}.Release|Any CPU.ActiveCfg = Release
		{93C93A99-D18F-495E-8AC9-6B6F6F7F273E}.Debug|Any CPU.ActiveCfg = Debug|Any CPU
		{93C93A99-D18F-495E-8AC9-6B6F6F7F273E}.Debug|Any CPU.Build.0 = Debug|Any CPU
		{93C93A99-D18F-495E-8AC9-6B6F6F7F273E}.Release|Any CPU.ActiveCfg = Release|Any CPU
		{93C93A99-D18F-495E-8AC9-6B6F6F7F273E}.Release|Any CPU.Build.0 = Release|Any CPU
	EndGlobalSection
	GlobalSection(SolutionProperties) = preSolution
		HideSolutionNode = FALSE
	EndGlobalSection
EndGlobal
