
Microsoft Visual Studio Solution File, Format Version 10.00
# Visual Studio 2008
Project("{FAE04EC0-301F-11D3-BF4B-00C04F79EFBC}") = "FitsMonitor", "FitsMonitor\FitsMonitor.csproj", "{82DE7BAD-676A-47C6-A784-F5695451FCEC}"
EndProject
Global
	GlobalSection(SolutionConfigurationPlatforms) = preSolution
		Debug|Any CPU = Debug|Any CPU
		Release|Any CPU = Release|Any CPU
	EndGlobalSection
	GlobalSection(ProjectConfigurationPlatforms) = postSolution
		{82DE7BAD-676A-47C6-A784-F5695451FCEC}.Debug|Any CPU.ActiveCfg = Debug|Any CPU
		{82DE7BAD-676A-47C6-A784-F5695451FCEC}.Debug|Any CPU.Build.0 = Debug|Any CPU
		{82DE7BAD-676A-47C6-A784-F5695451FCEC}.Release|Any CPU.ActiveCfg = Release|Any CPU
		{82DE7BAD-676A-47C6-A784-F5695451FCEC}.Release|Any CPU.Build.0 = Release|Any CPU
	EndGlobalSection
	GlobalSection(SolutionProperties) = preSolution
		HideSolutionNode = FALSE
	EndGlobalSection
EndGlobal
